
Microsoft Visual Studio Solution File, Format Version 12.00
# Visual Studio 15
VisualStudioVersion = 15.0.28010.2048
MinimumVisualStudioVersion = 10.0.40219.1
Project("{FAE04EC0-301F-11D3-BF4B-00C04F79EFBC}") = "HovedOpgave", "HovedOpgave\HovedOpgave.csproj", "{A858E354-F9B2-46AC-839D-2B3C70C336BB}"
EndProject
Global
	GlobalSection(SolutionConfigurationPlatforms) = preSolution
		Debug|Any CPU = Debug|Any CPU
		Release|Any CPU = Release|Any CPU
	EndGlobalSection
	GlobalSection(ProjectConfigurationPlatforms) = postSolution
		{A858E354-F9B2-46AC-839D-2B3C70C336BB}.Debug|Any CPU.ActiveCfg = Debug|Any CPU
		{A858E354-F9B2-46AC-839D-2B3C70C336BB}.Debug|Any CPU.Build.0 = Debug|Any CPU
		{A858E354-F9B2-46AC-839D-2B3C70C336BB}.Release|Any CPU.ActiveCfg = Release|Any CPU
		{A858E354-F9B2-46AC-839D-2B3C70C336BB}.Release|Any CPU.Build.0 = Release|Any CPU
	EndGlobalSection
	GlobalSection(SolutionProperties) = preSolution
		HideSolutionNode = FALSE
	EndGlobalSection
	GlobalSection(ExtensibilityGlobals) = postSolution
		SolutionGuid = {131B99DC-7F70-484C-A585-1D4BCA13F639}
	EndGlobalSection
EndGlobal
